// !$*UTF8*$!
{
	archiveVersion = 1;
	classes = {
	};
	objectVersion = 50;
	objects = {

/* Begin PBXBuildFile section */
		2CACA9CE2146E60C0007B737 /* AppDelegate.m in Sources */ = {isa = PBXBuildFile; fileRef = 2CACA9CD2146E60C0007B737 /* AppDelegate.m */; };
		2CACA9D02146E60C0007B737 /* GameScene.sks in Resources */ = {isa = PBXBuildFile; fileRef = 2CACA9CF2146E60C0007B737 /* GameScene.sks */; };
		2CACA9D52146E60C0007B737 /* GameScene.m in Sources */ = {isa = PBXBuildFile; fileRef = 2CACA9D42146E60C0007B737 /* GameScene.m */; };
		2CACA9D82146E60C0007B737 /* GameViewController.m in Sources */ = {isa = PBXBuildFile; fileRef = 2CACA9D72146E60C0007B737 /* GameViewController.m */; };
		2CACA9DB2146E60C0007B737 /* Main.storyboard in Resources */ = {isa = PBXBuildFile; fileRef = 2CACA9D92146E60C0007B737 /* Main.storyboard */; };
		2CACA9DD2146E60E0007B737 /* Assets.xcassets in Resources */ = {isa = PBXBuildFile; fileRef = 2CACA9DC2146E60E0007B737 /* Assets.xcassets */; };
		2CACA9E02146E60E0007B737 /* main.m in Sources */ = {isa = PBXBuildFile; fileRef = 2CACA9DF2146E60E0007B737 /* main.m */; };
		2CACA9EA2146E60E0007B737 /* mc3Tests.m in Sources */ = {isa = PBXBuildFile; fileRef = 2CACA9E92146E60E0007B737 /* mc3Tests.m */; };
		2CACA9F52146E60E0007B737 /* mc3UITests.m in Sources */ = {isa = PBXBuildFile; fileRef = 2CACA9F42146E60E0007B737 /* mc3UITests.m */; };
/* End PBXBuildFile section */

/* Begin PBXContainerItemProxy section */
		2CACA9E62146E60E0007B737 /* PBXContainerItemProxy */ = {
			isa = PBXContainerItemProxy;
			containerPortal = 2CACA9C12146E60B0007B737 /* Project object */;
			proxyType = 1;
			remoteGlobalIDString = 2CACA9C82146E60C0007B737;
			remoteInfo = mc3;
		};
		2CACA9F12146E60E0007B737 /* PBXContainerItemProxy */ = {
			isa = PBXContainerItemProxy;
			containerPortal = 2CACA9C12146E60B0007B737 /* Project object */;
			proxyType = 1;
			remoteGlobalIDString = 2CACA9C82146E60C0007B737;
			remoteInfo = mc3;
		};
/* End PBXContainerItemProxy section */

/* Begin PBXFileReference section */
		2CACA9C92146E60C0007B737 /* mc3.app */ = {isa = PBXFileReference; explicitFileType = wrapper.application; includeInIndex = 0; path = mc3.app; sourceTree = BUILT_PRODUCTS_DIR; };
		2CACA9CC2146E60C0007B737 /* AppDelegate.h */ = {isa = PBXFileReference; lastKnownFileType = sourcecode.c.h; path = AppDelegate.h; sourceTree = "<group>"; };
		2CACA9CD2146E60C0007B737 /* AppDelegate.m */ = {isa = PBXFileReference; lastKnownFileType = sourcecode.c.objc; path = AppDelegate.m; sourceTree = "<group>"; };
		2CACA9CF2146E60C0007B737 /* GameScene.sks */ = {isa = PBXFileReference; lastKnownFileType = file.sks; path = GameScene.sks; sourceTree = "<group>"; };
		2CACA9D32146E60C0007B737 /* GameScene.h */ = {isa = PBXFileReference; lastKnownFileType = sourcecode.c.h; path = GameScene.h; sourceTree = "<group>"; };
		2CACA9D42146E60C0007B737 /* GameScene.m */ = {isa = PBXFileReference; lastKnownFileType = sourcecode.c.objc; path = GameScene.m; sourceTree = "<group>"; };
		2CACA9D62146E60C0007B737 /* GameViewController.h */ = {isa = PBXFileReference; lastKnownFileType = sourcecode.c.h; path = GameViewController.h; sourceTree = "<group>"; };
		2CACA9D72146E60C0007B737 /* GameViewController.m */ = {isa = PBXFileReference; lastKnownFileType = sourcecode.c.objc; path = GameViewController.m; sourceTree = "<group>"; };
		2CACA9DA2146E60C0007B737 /* Base */ = {isa = PBXFileReference; lastKnownFileType = file.storyboard; name = Base; path = Base.lproj/Main.storyboard; sourceTree = "<group>"; };
		2CACA9DC2146E60E0007B737 /* Assets.xcassets */ = {isa = PBXFileReference; lastKnownFileType = folder.assetcatalog; path = Assets.xcassets; sourceTree = "<group>"; };
		2CACA9DE2146E60E0007B737 /* Info.plist */ = {isa = PBXFileReference; lastKnownFileType = text.plist.xml; path = Info.plist; sourceTree = "<group>"; };
		2CACA9DF2146E60E0007B737 /* main.m */ = {isa = PBXFileReference; lastKnownFileType = sourcecode.c.objc; path = main.m; sourceTree = "<group>"; };
		2CACA9E52146E60E0007B737 /* mc3Tests.xctest */ = {isa = PBXFileReference; explicitFileType = wrapper.cfbundle; includeInIndex = 0; path = mc3Tests.xctest; sourceTree = BUILT_PRODUCTS_DIR; };
		2CACA9E92146E60E0007B737 /* mc3Tests.m */ = {isa = PBXFileReference; lastKnownFileType = sourcecode.c.objc; path = mc3Tests.m; sourceTree = "<group>"; };
		2CACA9EB2146E60E0007B737 /* Info.plist */ = {isa = PBXFileReference; lastKnownFileType = text.plist.xml; path = Info.plist; sourceTree = "<group>"; };
		2CACA9F02146E60E0007B737 /* mc3UITests.xctest */ = {isa = PBXFileReference; explicitFileType = wrapper.cfbundle; includeInIndex = 0; path = mc3UITests.xctest; sourceTree = BUILT_PRODUCTS_DIR; };
		2CACA9F42146E60E0007B737 /* mc3UITests.m */ = {isa = PBXFileReference; lastKnownFileType = sourcecode.c.objc; path = mc3UITests.m; sourceTree = "<group>"; };
		2CACA9F62146E60E0007B737 /* Info.plist */ = {isa = PBXFileReference; lastKnownFileType = text.plist.xml; path = Info.plist; sourceTree = "<group>"; };
/* End PBXFileReference section */

/* Begin PBXFrameworksBuildPhase section */
		2CACA9C62146E60C0007B737 /* Frameworks */ = {
			isa = PBXFrameworksBuildPhase;
			buildActionMask = 2147483647;
			files = (
			);
			runOnlyForDeploymentPostprocessing = 0;
		};
		2CACA9E22146E60E0007B737 /* Frameworks */ = {
			isa = PBXFrameworksBuildPhase;
			buildActionMask = 2147483647;
			files = (
			);
			runOnlyForDeploymentPostprocessing = 0;
		};
		2CACA9ED2146E60E0007B737 /* Frameworks */ = {
			isa = PBXFrameworksBuildPhase;
			buildActionMask = 2147483647;
			files = (
			);
			runOnlyForDeploymentPostprocessing = 0;
		};
/* End PBXFrameworksBuildPhase section */

/* Begin PBXGroup section */
		2CACA9C02146E60B0007B737 = {
			isa = PBXGroup;
			children = (
				2CACA9CB2146E60C0007B737 /* mc3 */,
				2CACA9E82146E60E0007B737 /* mc3Tests */,
				2CACA9F32146E60E0007B737 /* mc3UITests */,
				2CACA9CA2146E60C0007B737 /* Products */,
			);
			sourceTree = "<group>";
		};
		2CACA9CA2146E60C0007B737 /* Products */ = {
			isa = PBXGroup;
			children = (
				2CACA9C92146E60C0007B737 /* mc3.app */,
				2CACA9E52146E60E0007B737 /* mc3Tests.xctest */,
				2CACA9F02146E60E0007B737 /* mc3UITests.xctest */,
			);
			name = Products;
			sourceTree = "<group>";
		};
		2CACA9CB2146E60C0007B737 /* mc3 */ = {
			isa = PBXGroup;
			children = (
				2CACA9CC2146E60C0007B737 /* AppDelegate.h */,
				2CACA9CD2146E60C0007B737 /* AppDelegate.m */,
				2CACA9CF2146E60C0007B737 /* GameScene.sks */,
				2CACA9D32146E60C0007B737 /* GameScene.h */,
				2CACA9D42146E60C0007B737 /* GameScene.m */,
				2CACA9D62146E60C0007B737 /* GameViewController.h */,
				2CACA9D72146E60C0007B737 /* GameViewController.m */,
				2CACA9D92146E60C0007B737 /* Main.storyboard */,
				2CACA9DC2146E60E0007B737 /* Assets.xcassets */,
				2CACA9DE2146E60E0007B737 /* Info.plist */,
				2CACA9DF2146E60E0007B737 /* main.m */,
			);
			path = mc3;
			sourceTree = "<group>";
		};
		2CACA9E82146E60E0007B737 /* mc3Tests */ = {
			isa = PBXGroup;
			children = (
				2CACA9E92146E60E0007B737 /* mc3Tests.m */,
				2CACA9EB2146E60E0007B737 /* Info.plist */,
			);
			path = mc3Tests;
			sourceTree = "<group>";
		};
		2CACA9F32146E60E0007B737 /* mc3UITests */ = {
			isa = PBXGroup;
			children = (
				2CACA9F42146E60E0007B737 /* mc3UITests.m */,
				2CACA9F62146E60E0007B737 /* Info.plist */,
			);
			path = mc3UITests;
			sourceTree = "<group>";
		};
/* End PBXGroup section */

/* Begin PBXNativeTarget section */
		2CACA9C82146E60C0007B737 /* mc3 */ = {
			isa = PBXNativeTarget;
			buildConfigurationList = 2CACA9F92146E60E0007B737 /* Build configuration list for PBXNativeTarget "mc3" */;
			buildPhases = (
				2CACA9C52146E60C0007B737 /* Sources */,
				2CACA9C62146E60C0007B737 /* Frameworks */,
				2CACA9C72146E60C0007B737 /* Resources */,
			);
			buildRules = (
			);
			dependencies = (
			);
			name = mc3;
			productName = mc3;
			productReference = 2CACA9C92146E60C0007B737 /* mc3.app */;
			productType = "com.apple.product-type.application";
		};
		2CACA9E42146E60E0007B737 /* mc3Tests */ = {
			isa = PBXNativeTarget;
			buildConfigurationList = 2CACA9FC2146E60E0007B737 /* Build configuration list for PBXNativeTarget "mc3Tests" */;
			buildPhases = (
				2CACA9E12146E60E0007B737 /* Sources */,
				2CACA9E22146E60E0007B737 /* Frameworks */,
				2CACA9E32146E60E0007B737 /* Resources */,
			);
			buildRules = (
			);
			dependencies = (
				2CACA9E72146E60E0007B737 /* PBXTargetDependency */,
			);
			name = mc3Tests;
			productName = mc3Tests;
			productReference = 2CACA9E52146E60E0007B737 /* mc3Tests.xctest */;
			productType = "com.apple.product-type.bundle.unit-test";
		};
		2CACA9EF2146E60E0007B737 /* mc3UITests */ = {
			isa = PBXNativeTarget;
			buildConfigurationList = 2CACA9FF2146E60E0007B737 /* Build configuration list for PBXNativeTarget "mc3UITests" */;
			buildPhases = (
				2CACA9EC2146E60E0007B737 /* Sources */,
				2CACA9ED2146E60E0007B737 /* Frameworks */,
				2CACA9EE2146E60E0007B737 /* Resources */,
			);
			buildRules = (
			);
			dependencies = (
				2CACA9F22146E60E0007B737 /* PBXTargetDependency */,
			);
			name = mc3UITests;
			productName = mc3UITests;
			productReference = 2CACA9F02146E60E0007B737 /* mc3UITests.xctest */;
			productType = "com.apple.product-type.bundle.ui-testing";
		};
/* End PBXNativeTarget section */

/* Begin PBXProject section */
		2CACA9C12146E60B0007B737 /* Project object */ = {
			isa = PBXProject;
			attributes = {
				LastUpgradeCheck = 0940;
				ORGANIZATIONNAME = "André Carneiro";
				TargetAttributes = {
					2CACA9C82146E60C0007B737 = {
						CreatedOnToolsVersion = 9.4.1;
					};
					2CACA9E42146E60E0007B737 = {
						CreatedOnToolsVersion = 9.4.1;
						TestTargetID = 2CACA9C82146E60C0007B737;
					};
					2CACA9EF2146E60E0007B737 = {
						CreatedOnToolsVersion = 9.4.1;
						TestTargetID = 2CACA9C82146E60C0007B737;
					};
				};
			};
			buildConfigurationList = 2CACA9C42146E60B0007B737 /* Build configuration list for PBXProject "mc3" */;
			compatibilityVersion = "Xcode 9.3";
			developmentRegion = en;
			hasScannedForEncodings = 0;
			knownRegions = (
				en,
				Base,
			);
			mainGroup = 2CACA9C02146E60B0007B737;
			productRefGroup = 2CACA9CA2146E60C0007B737 /* Products */;
			projectDirPath = "";
			projectRoot = "";
			targets = (
				2CACA9C82146E60C0007B737 /* mc3 */,
				2CACA9E42146E60E0007B737 /* mc3Tests */,
				2CACA9EF2146E60E0007B737 /* mc3UITests */,
			);
		};
/* End PBXProject section */

/* Begin PBXResourcesBuildPhase section */
		2CACA9C72146E60C0007B737 /* Resources */ = {
			isa = PBXResourcesBuildPhase;
			buildActionMask = 2147483647;
			files = (
				2CACA9DB2146E60C0007B737 /* Main.storyboard in Resources */,
				2CACA9D02146E60C0007B737 /* GameScene.sks in Resources */,
				2CACA9DD2146E60E0007B737 /* Assets.xcassets in Resources */,
			);
			runOnlyForDeploymentPostprocessing = 0;
		};
		2CACA9E32146E60E0007B737 /* Resources */ = {
			isa = PBXResourcesBuildPhase;
			buildActionMask = 2147483647;
			files = (
			);
			runOnlyForDeploymentPostprocessing = 0;
		};
		2CACA9EE2146E60E0007B737 /* Resources */ = {
			isa = PBXResourcesBuildPhase;
			buildActionMask = 2147483647;
			files = (
			);
			runOnlyForDeploymentPostprocessing = 0;
		};
/* End PBXResourcesBuildPhase section */

/* Begin PBXSourcesBuildPhase section */
		2CACA9C52146E60C0007B737 /* Sources */ = {
			isa = PBXSourcesBuildPhase;
			buildActionMask = 2147483647;
			files = (
				2CACA9D52146E60C0007B737 /* GameScene.m in Sources */,
				2CACA9D82146E60C0007B737 /* GameViewController.m in Sources */,
				2CACA9E02146E60E0007B737 /* main.m in Sources */,
				2CACA9CE2146E60C0007B737 /* AppDelegate.m in Sources */,
			);
			runOnlyForDeploymentPostprocessing = 0;
		};
		2CACA9E12146E60E0007B737 /* Sources */ = {
			isa = PBXSourcesBuildPhase;
			buildActionMask = 2147483647;
			files = (
				2CACA9EA2146E60E0007B737 /* mc3Tests.m in Sources */,
			);
			runOnlyForDeploymentPostprocessing = 0;
		};
		2CACA9EC2146E60E0007B737 /* Sources */ = {
			isa = PBXSourcesBuildPhase;
			buildActionMask = 2147483647;
			files = (
				2CACA9F52146E60E0007B737 /* mc3UITests.m in Sources */,
			);
			runOnlyForDeploymentPostprocessing = 0;
		};
/* End PBXSourcesBuildPhase section */

/* Begin PBXTargetDependency section */
		2CACA9E72146E60E0007B737 /* PBXTargetDependency */ = {
			isa = PBXTargetDependency;
			target = 2CACA9C82146E60C0007B737 /* mc3 */;
			targetProxy = 2CACA9E62146E60E0007B737 /* PBXContainerItemProxy */;
		};
		2CACA9F22146E60E0007B737 /* PBXTargetDependency */ = {
			isa = PBXTargetDependency;
			target = 2CACA9C82146E60C0007B737 /* mc3 */;
			targetProxy = 2CACA9F12146E60E0007B737 /* PBXContainerItemProxy */;
		};
/* End PBXTargetDependency section */

/* Begin PBXVariantGroup section */
		2CACA9D92146E60C0007B737 /* Main.storyboard */ = {
			isa = PBXVariantGroup;
			children = (
				2CACA9DA2146E60C0007B737 /* Base */,
			);
			name = Main.storyboard;
			sourceTree = "<group>";
		};
/* End PBXVariantGroup section */

/* Begin XCBuildConfiguration section */
		2CACA9F72146E60E0007B737 /* Debug */ = {
			isa = XCBuildConfiguration;
			buildSettings = {
				ALWAYS_SEARCH_USER_PATHS = NO;
				CLANG_ANALYZER_NONNULL = YES;
				CLANG_ANALYZER_NUMBER_OBJECT_CONVERSION = YES_AGGRESSIVE;
				CLANG_CXX_LANGUAGE_STANDARD = "gnu++14";
				CLANG_CXX_LIBRARY = "libc++";
				CLANG_ENABLE_MODULES = YES;
				CLANG_ENABLE_OBJC_ARC = YES;
				CLANG_ENABLE_OBJC_WEAK = YES;
				CLANG_WARN_BLOCK_CAPTURE_AUTORELEASING = YES;
				CLANG_WARN_BOOL_CONVERSION = YES;
				CLANG_WARN_COMMA = YES;
				CLANG_WARN_CONSTANT_CONVERSION = YES;
				CLANG_WARN_DEPRECATED_OBJC_IMPLEMENTATIONS = YES;
				CLANG_WARN_DIRECT_OBJC_ISA_USAGE = YES_ERROR;
				CLANG_WARN_DOCUMENTATION_COMMENTS = YES;
				CLANG_WARN_EMPTY_BODY = YES;
				CLANG_WARN_ENUM_CONVERSION = YES;
				CLANG_WARN_INFINITE_RECURSION = YES;
				CLANG_WARN_INT_CONVERSION = YES;
				CLANG_WARN_NON_LITERAL_NULL_CONVERSION = YES;
				CLANG_WARN_OBJC_IMPLICIT_RETAIN_SELF = YES;
				CLANG_WARN_OBJC_LITERAL_CONVERSION = YES;
				CLANG_WARN_OBJC_ROOT_CLASS = YES_ERROR;
				CLANG_WARN_RANGE_LOOP_ANALYSIS = YES;
				CLANG_WARN_STRICT_PROTOTYPES = YES;
				CLANG_WARN_SUSPICIOUS_MOVE = YES;
				CLANG_WARN_UNGUARDED_AVAILABILITY = YES_AGGRESSIVE;
				CLANG_WARN_UNREACHABLE_CODE = YES;
				CLANG_WARN__DUPLICATE_METHOD_MATCH = YES;
				COPY_PHASE_STRIP = NO;
				DEBUG_INFORMATION_FORMAT = dwarf;
				ENABLE_STRICT_OBJC_MSGSEND = YES;
				ENABLE_TESTABILITY = YES;
				GCC_C_LANGUAGE_STANDARD = gnu11;
				GCC_DYNAMIC_NO_PIC = NO;
				GCC_NO_COMMON_BLOCKS = YES;
				GCC_OPTIMIZATION_LEVEL = 0;
				GCC_PREPROCESSOR_DEFINITIONS = (
					"DEBUG=1",
					"$(inherited)",
				);
				GCC_WARN_64_TO_32_BIT_CONVERSION = YES;
				GCC_WARN_ABOUT_RETURN_TYPE = YES_ERROR;
				GCC_WARN_UNDECLARED_SELECTOR = YES;
				GCC_WARN_UNINITIALIZED_AUTOS = YES_AGGRESSIVE;
				GCC_WARN_UNUSED_FUNCTION = YES;
				GCC_WARN_UNUSED_VARIABLE = YES;
				MTL_ENABLE_DEBUG_INFO = YES;
				ONLY_ACTIVE_ARCH = YES;
				SDKROOT = appletvos;
				TVOS_DEPLOYMENT_TARGET = 11.4;
			};
			name = Debug;
		};
		2CACA9F82146E60E0007B737 /* Release */ = {
			isa = XCBuildConfiguration;
			buildSettings = {
				ALWAYS_SEARCH_USER_PATHS = NO;
				CLANG_ANALYZER_NONNULL = YES;
				CLANG_ANALYZER_NUMBER_OBJECT_CONVERSION = YES_AGGRESSIVE;
				CLANG_CXX_LANGUAGE_STANDARD = "gnu++14";
				CLANG_CXX_LIBRARY = "libc++";
				CLANG_ENABLE_MODULES = YES;
				CLANG_ENABLE_OBJC_ARC = YES;
				CLANG_ENABLE_OBJC_WEAK = YES;
				CLANG_WARN_BLOCK_CAPTURE_AUTORELEASING = YES;
				CLANG_WARN_BOOL_CONVERSION = YES;
				CLANG_WARN_COMMA = YES;
				CLANG_WARN_CONSTANT_CONVERSION = YES;
				CLANG_WARN_DEPRECATED_OBJC_IMPLEMENTATIONS = YES;
				CLANG_WARN_DIRECT_OBJC_ISA_USAGE = YES_ERROR;
				CLANG_WARN_DOCUMENTATION_COMMENTS = YES;
				CLANG_WARN_EMPTY_BODY = YES;
				CLANG_WARN_ENUM_CONVERSION = YES;
				CLANG_WARN_INFINITE_RECURSION = YES;
				CLANG_WARN_INT_CONVERSION = YES;
				CLANG_WARN_NON_LITERAL_NULL_CONVERSION = YES;
				CLANG_WARN_OBJC_IMPLICIT_RETAIN_SELF = YES;
				CLANG_WARN_OBJC_LITERAL_CONVERSION = YES;
				CLANG_WARN_OBJC_ROOT_CLASS = YES_ERROR;
				CLANG_WARN_RANGE_LOOP_ANALYSIS = YES;
				CLANG_WARN_STRICT_PROTOTYPES = YES;
				CLANG_WARN_SUSPICIOUS_MOVE = YES;
				CLANG_WARN_UNGUARDED_AVAILABILITY = YES_AGGRESSIVE;
				CLANG_WARN_UNREACHABLE_CODE = YES;
				CLANG_WARN__DUPLICATE_METHOD_MATCH = YES;
				COPY_PHASE_STRIP = NO;
				DEBUG_INFORMATION_FORMAT = "dwarf-with-dsym";
				ENABLE_NS_ASSERTIONS = NO;
				ENABLE_STRICT_OBJC_MSGSEND = YES;
				GCC_C_LANGUAGE_STANDARD = gnu11;
				GCC_NO_COMMON_BLOCKS = YES;
				GCC_WARN_64_TO_32_BIT_CONVERSION = YES;
				GCC_WARN_ABOUT_RETURN_TYPE = YES_ERROR;
				GCC_WARN_UNDECLARED_SELECTOR = YES;
				GCC_WARN_UNINITIALIZED_AUTOS = YES_AGGRESSIVE;
				GCC_WARN_UNUSED_FUNCTION = YES;
				GCC_WARN_UNUSED_VARIABLE = YES;
				MTL_ENABLE_DEBUG_INFO = NO;
				SDKROOT = appletvos;
				TVOS_DEPLOYMENT_TARGET = 11.4;
				VALIDATE_PRODUCT = YES;
			};
			name = Release;
		};
		2CACA9FA2146E60E0007B737 /* Debug */ = {
			isa = XCBuildConfiguration;
			buildSettings = {
				ASSETCATALOG_COMPILER_APPICON_NAME = "App Icon & Top Shelf Image";
				ASSETCATALOG_COMPILER_LAUNCHIMAGE_NAME = LaunchImage;
				CODE_SIGN_STYLE = Automatic;
				DEVELOPMENT_TEAM = UDB57TC6RA;
				INFOPLIST_FILE = mc3/Info.plist;
				LD_RUNPATH_SEARCH_PATHS = (
					"$(inherited)",
					"@executable_path/Frameworks",
				);
				PRODUCT_BUNDLE_IDENTIFIER = com.academy.cin.ufpe.jacn.mc3;
				PRODUCT_NAME = "$(TARGET_NAME)";
				TARGETED_DEVICE_FAMILY = 3;
			};
			name = Debug;
		};
		2CACA9FB2146E60E0007B737 /* Release */ = {
			isa = XCBuildConfiguration;
			buildSettings = {
				ASSETCATALOG_COMPILER_APPICON_NAME = "App Icon & Top Shelf Image";
				ASSETCATALOG_COMPILER_LAUNCHIMAGE_NAME = LaunchImage;
				CODE_SIGN_STYLE = Automatic;
				DEVELOPMENT_TEAM = UDB57TC6RA;
				INFOPLIST_FILE = mc3/Info.plist;
				LD_RUNPATH_SEARCH_PATHS = (
					"$(inherited)",
					"@executable_path/Frameworks",
				);
				PRODUCT_BUNDLE_IDENTIFIER = com.academy.cin.ufpe.jacn.mc3;
				PRODUCT_NAME = "$(TARGET_NAME)";
				TARGETED_DEVICE_FAMILY = 3;
			};
			name = Release;
		};
		2CACA9FD2146E60E0007B737 /* Debug */ = {
			isa = XCBuildConfiguration;
			buildSettings = {
				BUNDLE_LOADER = "$(TEST_HOST)";
				CODE_SIGN_STYLE = Automatic;
				DEVELOPMENT_TEAM = UDB57TC6RA;
				INFOPLIST_FILE = mc3Tests/Info.plist;
				LD_RUNPATH_SEARCH_PATHS = (
					"$(inherited)",
					"@executable_path/Frameworks",
					"@loader_path/Frameworks",
				);
				PRODUCT_BUNDLE_IDENTIFIER = com.academy.cin.ufpe.jacn.mc3Tests;
				PRODUCT_NAME = "$(TARGET_NAME)";
				TARGETED_DEVICE_FAMILY = 3;
				TEST_HOST = "$(BUILT_PRODUCTS_DIR)/mc3.app/mc3";
			};
			name = Debug;
		};
		2CACA9FE2146E60E0007B737 /* Release */ = {
			isa = XCBuildConfiguration;
			buildSettings = {
				BUNDLE_LOADER = "$(TEST_HOST)";
				CODE_SIGN_STYLE = Automatic;
				DEVELOPMENT_TEAM = UDB57TC6RA;
				INFOPLIST_FILE = mc3Tests/Info.plist;
				LD_RUNPATH_SEARCH_PATHS = (
					"$(inherited)",
					"@executable_path/Frameworks",
					"@loader_path/Frameworks",
				);
				PRODUCT_BUNDLE_IDENTIFIER = com.academy.cin.ufpe.jacn.mc3Tests;
				PRODUCT_NAME = "$(TARGET_NAME)";
				TARGETED_DEVICE_FAMILY = 3;
				TEST_HOST = "$(BUILT_PRODUCTS_DIR)/mc3.app/mc3";
			};
			name = Release;
		};
		2CACAA002146E60E0007B737 /* Debug */ = {
			isa = XCBuildConfiguration;
			buildSettings = {
				CODE_SIGN_STYLE = Automatic;
				DEVELOPMENT_TEAM = UDB57TC6RA;
				INFOPLIST_FILE = mc3UITests/Info.plist;
				LD_RUNPATH_SEARCH_PATHS = (
					"$(inherited)",
					"@executable_path/Frameworks",
					"@loader_path/Frameworks",
				);
				PRODUCT_BUNDLE_IDENTIFIER = com.academy.cin.ufpe.jacn.mc3UITests;
				PRODUCT_NAME = "$(TARGET_NAME)";
				TARGETED_DEVICE_FAMILY = 3;
				TEST_TARGET_NAME = mc3;
			};
			name = Debug;
		};
		2CACAA012146E60E0007B737 /* Release */ = {
			isa = XCBuildConfiguration;
			buildSettings = {
				CODE_SIGN_STYLE = Automatic;
				DEVELOPMENT_TEAM = UDB57TC6RA;
				INFOPLIST_FILE = mc3UITests/Info.plist;
				LD_RUNPATH_SEARCH_PATHS = (
					"$(inherited)",
					"@executable_path/Frameworks",
					"@loader_path/Frameworks",
				);
				PRODUCT_BUNDLE_IDENTIFIER = com.academy.cin.ufpe.jacn.mc3UITests;
				PRODUCT_NAME = "$(TARGET_NAME)";
				TARGETED_DEVICE_FAMILY = 3;
				TEST_TARGET_NAME = mc3;
			};
			name = Release;
		};
/* End XCBuildConfiguration section */

/* Begin XCConfigurationList section */
		2CACA9C42146E60B0007B737 /* Build configuration list for PBXProject "mc3" */ = {
			isa = XCConfigurationList;
			buildConfigurations = (
				2CACA9F72146E60E0007B737 /* Debug */,
				2CACA9F82146E60E0007B737 /* Release */,
			);
			defaultConfigurationIsVisible = 0;
			defaultConfigurationName = Release;
		};
		2CACA9F92146E60E0007B737 /* Build configuration list for PBXNativeTarget "mc3" */ = {
			isa = XCConfigurationList;
			buildConfigurations = (
				2CACA9FA2146E60E0007B737 /* Debug */,
				2CACA9FB2146E60E0007B737 /* Release */,
			);
			defaultConfigurationIsVisible = 0;
			defaultConfigurationName = Release;
		};
		2CACA9FC2146E60E0007B737 /* Build configuration list for PBXNativeTarget "mc3Tests" */ = {
			isa = XCConfigurationList;
			buildConfigurations = (
				2CACA9FD2146E60E0007B737 /* Debug */,
				2CACA9FE2146E60E0007B737 /* Release */,
			);
			defaultConfigurationIsVisible = 0;
			defaultConfigurationName = Release;
		};
		2CACA9FF2146E60E0007B737 /* Build configuration list for PBXNativeTarget "mc3UITests" */ = {
			isa = XCConfigurationList;
			buildConfigurations = (
				2CACAA002146E60E0007B737 /* Debug */,
				2CACAA012146E60E0007B737 /* Release */,
			);
			defaultConfigurationIsVisible = 0;
			defaultConfigurationName = Release;
		};
/* End XCConfigurationList section */
	};
	rootObject = 2CACA9C12146E60B0007B737 /* Project object */;
}
